// !$*UTF8*$!
{
	archiveVersion = 1;
	classes = {
	};
	objectVersion = 50;
	objects = {

/* Begin PBXBuildFile section */
		9AFAAC492474292E00119822 /* AppDelegate.swift in Sources */ = {isa = PBXBuildFile; fileRef = 9AFAAC482474292E00119822 /* AppDelegate.swift */; };
		9AFAAC4B2474292E00119822 /* SceneDelegate.swift in Sources */ = {isa = PBXBuildFile; fileRef = 9AFAAC4A2474292E00119822 /* SceneDelegate.swift */; };
		9AFAAC4D2474292E00119822 /* ViewController.swift in Sources */ = {isa = PBXBuildFile; fileRef = 9AFAAC4C2474292E00119822 /* ViewController.swift */; };
		9AFAAC502474292E00119822 /* Main.storyboard in Resources */ = {isa = PBXBuildFile; fileRef = 9AFAAC4E2474292E00119822 /* Main.storyboard */; };
		9AFAAC522474292F00119822 /* Assets.xcassets in Resources */ = {isa = PBXBuildFile; fileRef = 9AFAAC512474292F00119822 /* Assets.xcassets */; };
		9AFAAC552474292F00119822 /* LaunchScreen.storyboard in Resources */ = {isa = PBXBuildFile; fileRef = 9AFAAC532474292F00119822 /* LaunchScreen.storyboard */; };
		9AFAAC5E2474295C00119822 /* MercuryoSDK.framework in Frameworks */ = {isa = PBXBuildFile; fileRef = 9AFAAC5D2474295C00119822 /* MercuryoSDK.framework */; };
		9AFAAC5F2474295C00119822 /* MercuryoSDK.framework in Embed Frameworks */ = {isa = PBXBuildFile; fileRef = 9AFAAC5D2474295C00119822 /* MercuryoSDK.framework */; settings = {ATTRIBUTES = (CodeSignOnCopy, RemoveHeadersOnCopy, ); }; };
/* End PBXBuildFile section */

/* Begin PBXCopyFilesBuildPhase section */
		9AFAAC602474295C00119822 /* Embed Frameworks */ = {
			isa = PBXCopyFilesBuildPhase;
			buildActionMask = 2147483647;
			dstPath = "";
			dstSubfolderSpec = 10;
			files = (
				9AFAAC5F2474295C00119822 /* MercuryoSDK.framework in Embed Frameworks */,
			);
			name = "Embed Frameworks";
			runOnlyForDeploymentPostprocessing = 0;
		};
/* End PBXCopyFilesBuildPhase section */

/* Begin PBXFileReference section */
		9AFAAC452474292E00119822 /* SampleIOS.app */ = {isa = PBXFileReference; explicitFileType = wrapper.application; includeInIndex = 0; path = SampleIOS.app; sourceTree = BUILT_PRODUCTS_DIR; };
		9AFAAC482474292E00119822 /* AppDelegate.swift */ = {isa = PBXFileReference; lastKnownFileType = sourcecode.swift; path = AppDelegate.swift; sourceTree = "<group>"; };
		9AFAAC4A2474292E00119822 /* SceneDelegate.swift */ = {isa = PBXFileReference; lastKnownFileType = sourcecode.swift; path = SceneDelegate.swift; sourceTree = "<group>"; };
		9AFAAC4C2474292E00119822 /* ViewController.swift */ = {isa = PBXFileReference; lastKnownFileType = sourcecode.swift; path = ViewController.swift; sourceTree = "<group>"; };
		9AFAAC4F2474292E00119822 /* Base */ = {isa = PBXFileReference; lastKnownFileType = file.storyboard; name = Base; path = Base.lproj/Main.storyboard; sourceTree = "<group>"; };
		9AFAAC512474292F00119822 /* Assets.xcassets */ = {isa = PBXFileReference; lastKnownFileType = folder.assetcatalog; path = Assets.xcassets; sourceTree = "<group>"; };
		9AFAAC542474292F00119822 /* Base */ = {isa = PBXFileReference; lastKnownFileType = file.storyboard; name = Base; path = Base.lproj/LaunchScreen.storyboard; sourceTree = "<group>"; };
		9AFAAC562474292F00119822 /* Info.plist */ = {isa = PBXFileReference; lastKnownFileType = text.plist.xml; path = Info.plist; sourceTree = "<group>"; };
		9AFAAC5D2474295C00119822 /* MercuryoSDK.framework */ = {isa = PBXFileReference; lastKnownFileType = wrapper.framework; name = MercuryoSDK.framework; path = "../sdk/build/xcode-frameworks/MercuryoSDK.framework"; sourceTree = "<group>"; };
/* End PBXFileReference section */

/* Begin PBXFrameworksBuildPhase section */
		9AFAAC422474292E00119822 /* Frameworks */ = {
			isa = PBXFrameworksBuildPhase;
			buildActionMask = 2147483647;
			files = (
				9AFAAC5E2474295C00119822 /* MercuryoSDK.framework in Frameworks */,
			);
			runOnlyForDeploymentPostprocessing = 0;
		};
/* End PBXFrameworksBuildPhase section */

/* Begin PBXGroup section */
		9AFAAC3C2474292E00119822 = {
			isa = PBXGroup;
			children = (
				9AFAAC472474292E00119822 /* SampleIOS */,
				9AFAAC462474292E00119822 /* Products */,
				9AFAAC5C2474295C00119822 /* Frameworks */,
			);
			sourceTree = "<group>";
		};
		9AFAAC462474292E00119822 /* Products */ = {
			isa = PBXGroup;
			children = (
				9AFAAC452474292E00119822 /* SampleIOS.app */,
			);
			name = Products;
			sourceTree = "<group>";
		};
		9AFAAC472474292E00119822 /* SampleIOS */ = {
			isa = PBXGroup;
			children = (
				9AFAAC482474292E00119822 /* AppDelegate.swift */,
				9AFAAC4A2474292E00119822 /* SceneDelegate.swift */,
				9AFAAC4C2474292E00119822 /* ViewController.swift */,
				9AFAAC4E2474292E00119822 /* Main.storyboard */,
				9AFAAC512474292F00119822 /* Assets.xcassets */,
				9AFAAC532474292F00119822 /* LaunchScreen.storyboard */,
				9AFAAC562474292F00119822 /* Info.plist */,
			);
			path = SampleIOS;
			sourceTree = "<group>";
		};
		9AFAAC5C2474295C00119822 /* Frameworks */ = {
			isa = PBXGroup;
			children = (
				9AFAAC5D2474295C00119822 /* MercuryoSDK.framework */,
			);
			name = Frameworks;
			sourceTree = "<group>";
		};
/* End PBXGroup section */

/* Begin PBXNativeTarget section */
		9AFAAC442474292E00119822 /* SampleIOS */ = {
			isa = PBXNativeTarget;
			buildConfigurationList = 9AFAAC592474292F00119822 /* Build configuration list for PBXNativeTarget "SampleIOS" */;
			buildPhases = (
				9AFAAC412474292E00119822 /* Sources */,
				9AFAAC422474292E00119822 /* Frameworks */,
				9AFAAC432474292E00119822 /* Resources */,
				9AFAAC602474295C00119822 /* Embed Frameworks */,
				9AFAAC612474296900119822 /* Run Script */,
			);
			buildRules = (
			);
			dependencies = (
			);
			name = SampleIOS;
			productName = SampleIOS;
			productReference = 9AFAAC452474292E00119822 /* SampleIOS.app */;
			productType = "com.apple.product-type.application";
		};
/* End PBXNativeTarget section */

/* Begin PBXProject section */
		9AFAAC3D2474292E00119822 /* Project object */ = {
			isa = PBXProject;
			attributes = {
				LastSwiftUpdateCheck = 1140;
				LastUpgradeCheck = 1140;
				ORGANIZATIONNAME = Mercuryo;
				TargetAttributes = {
					9AFAAC442474292E00119822 = {
						CreatedOnToolsVersion = 11.4.1;
					};
				};
			};
			buildConfigurationList = 9AFAAC402474292E00119822 /* Build configuration list for PBXProject "SampleIOS" */;
			compatibilityVersion = "Xcode 9.3";
			developmentRegion = en;
			hasScannedForEncodings = 0;
			knownRegions = (
				en,
				Base,
			);
			mainGroup = 9AFAAC3C2474292E00119822;
			productRefGroup = 9AFAAC462474292E00119822 /* Products */;
			projectDirPath = "";
			projectRoot = "";
			targets = (
				9AFAAC442474292E00119822 /* SampleIOS */,
			);
		};
/* End PBXProject section */

/* Begin PBXResourcesBuildPhase section */
		9AFAAC432474292E00119822 /* Resources */ = {
			isa = PBXResourcesBuildPhase;
			buildActionMask = 2147483647;
			files = (
				9AFAAC552474292F00119822 /* LaunchScreen.storyboard in Resources */,
				9AFAAC522474292F00119822 /* Assets.xcassets in Resources */,
				9AFAAC502474292E00119822 /* Main.storyboard in Resources */,
			);
			runOnlyForDeploymentPostprocessing = 0;
		};
/* End PBXResourcesBuildPhase section */

/* Begin PBXShellScriptBuildPhase section */
		9AFAAC612474296900119822 /* Run Script */ = {
			isa = PBXShellScriptBuildPhase;
			buildActionMask = 2147483647;
			files = (
			);
			inputFileListPaths = (
			);
			inputPaths = (
			);
			name = "Run Script";
			outputFileListPaths = (
			);
			outputPaths = (
			);
			runOnlyForDeploymentPostprocessing = 0;
			shellPath = /bin/sh;
			shellScript = "\ncd \"$SRCROOT/../sdk/build/xcode-frameworks\"\n./gradlew :sdk:packForXCode -PXCODE_CONFIGURATION=${CONFIGURATION}\n";
		};
/* End PBXShellScriptBuildPhase section */

/* Begin PBXSourcesBuildPhase section */
		9AFAAC412474292E00119822 /* Sources */ = {
			isa = PBXSourcesBuildPhase;
			buildActionMask = 2147483647;
			files = (
				9AFAAC4D2474292E00119822 /* ViewController.swift in Sources */,
				9AFAAC492474292E00119822 /* AppDelegate.swift in Sources */,
				9AFAAC4B2474292E00119822 /* SceneDelegate.swift in Sources */,
			);
			runOnlyForDeploymentPostprocessing = 0;
		};
/* End PBXSourcesBuildPhase section */

/* Begin PBXVariantGroup section */
		9AFAAC4E2474292E00119822 /* Main.storyboard */ = {
			isa = PBXVariantGroup;
			children = (
				9AFAAC4F2474292E00119822 /* Base */,
			);
			name = Main.storyboard;
			sourceTree = "<group>";
		};
		9AFAAC532474292F00119822 /* LaunchScreen.storyboard */ = {
			isa = PBXVariantGroup;
			children = (
				9AFAAC542474292F00119822 /* Base */,
			);
			name = LaunchScreen.storyboard;
			sourceTree = "<group>";
		};
/* End PBXVariantGroup section */

/* Begin XCBuildConfiguration section */
		9AFAAC572474292F00119822 /* Debug */ = {
			isa = XCBuildConfiguration;
			buildSettings = {
				ALWAYS_SEARCH_USER_PATHS = NO;
				CLANG_ANALYZER_NONNULL = YES;
				CLANG_ANALYZER_NUMBER_OBJECT_CONVERSION = YES_AGGRESSIVE;
				CLANG_CXX_LANGUAGE_STANDARD = "gnu++14";
				CLANG_CXX_LIBRARY = "libc++";
				CLANG_ENABLE_MODULES = YES;
				CLANG_ENABLE_OBJC_ARC = YES;
				CLANG_ENABLE_OBJC_WEAK = YES;
				CLANG_WARN_BLOCK_CAPTURE_AUTORELEASING = YES;
				CLANG_WARN_BOOL_CONVERSION = YES;
				CLANG_WARN_COMMA = YES;
				CLANG_WARN_CONSTANT_CONVERSION = YES;
				CLANG_WARN_DEPRECATED_OBJC_IMPLEMENTATIONS = YES;
				CLANG_WARN_DIRECT_OBJC_ISA_USAGE = YES_ERROR;
				CLANG_WARN_DOCUMENTATION_COMMENTS = YES;
				CLANG_WARN_EMPTY_BODY = YES;
				CLANG_WARN_ENUM_CONVERSION = YES;
				CLANG_WARN_INFINITE_RECURSION = YES;
				CLANG_WARN_INT_CONVERSION = YES;
				CLANG_WARN_NON_LITERAL_NULL_CONVERSION = YES;
				CLANG_WARN_OBJC_IMPLICIT_RETAIN_SELF = YES;
				CLANG_WARN_OBJC_LITERAL_CONVERSION = YES;
				CLANG_WARN_OBJC_ROOT_CLASS = YES_ERROR;
				CLANG_WARN_RANGE_LOOP_ANALYSIS = YES;
				CLANG_WARN_STRICT_PROTOTYPES = YES;
				CLANG_WARN_SUSPICIOUS_MOVE = YES;
				CLANG_WARN_UNGUARDED_AVAILABILITY = YES_AGGRESSIVE;
				CLANG_WARN_UNREACHABLE_CODE = YES;
				CLANG_WARN__DUPLICATE_METHOD_MATCH = YES;
				COPY_PHASE_STRIP = NO;
				DEBUG_INFORMATION_FORMAT = dwarf;
				ENABLE_STRICT_OBJC_MSGSEND = YES;
				ENABLE_TESTABILITY = YES;
				GCC_C_LANGUAGE_STANDARD = gnu11;
				GCC_DYNAMIC_NO_PIC = NO;
				GCC_NO_COMMON_BLOCKS = YES;
				GCC_OPTIMIZATION_LEVEL = 0;
				GCC_PREPROCESSOR_DEFINITIONS = (
					"DEBUG=1",
					"$(inherited)",
				);
				GCC_WARN_64_TO_32_BIT_CONVERSION = YES;
				GCC_WARN_ABOUT_RETURN_TYPE = YES_ERROR;
				GCC_WARN_UNDECLARED_SELECTOR = YES;
				GCC_WARN_UNINITIALIZED_AUTOS = YES_AGGRESSIVE;
				GCC_WARN_UNUSED_FUNCTION = YES;
				GCC_WARN_UNUSED_VARIABLE = YES;
				IPHONEOS_DEPLOYMENT_TARGET = 13.4;
				MTL_ENABLE_DEBUG_INFO = INCLUDE_SOURCE;
				MTL_FAST_MATH = YES;
				ONLY_ACTIVE_ARCH = YES;
				SDKROOT = iphoneos;
				SWIFT_ACTIVE_COMPILATION_CONDITIONS = DEBUG;
				SWIFT_OPTIMIZATION_LEVEL = "-Onone";
			};
			name = Debug;
		};
		9AFAAC582474292F00119822 /* Release */ = {
			isa = XCBuildConfiguration;
			buildSettings = {
				ALWAYS_SEARCH_USER_PATHS = NO;
				CLANG_ANALYZER_NONNULL = YES;
				CLANG_ANALYZER_NUMBER_OBJECT_CONVERSION = YES_AGGRESSIVE;
				CLANG_CXX_LANGUAGE_STANDARD = "gnu++14";
				CLANG_CXX_LIBRARY = "libc++";
				CLANG_ENABLE_MODULES = YES;
				CLANG_ENABLE_OBJC_ARC = YES;
				CLANG_ENABLE_OBJC_WEAK = YES;
				CLANG_WARN_BLOCK_CAPTURE_AUTORELEASING = YES;
				CLANG_WARN_BOOL_CONVERSION = YES;
				CLANG_WARN_COMMA = YES;
				CLANG_WARN_CONSTANT_CONVERSION = YES;
				CLANG_WARN_DEPRECATED_OBJC_IMPLEMENTATIONS = YES;
				CLANG_WARN_DIRECT_OBJC_ISA_USAGE = YES_ERROR;
				CLANG_WARN_DOCUMENTATION_COMMENTS = YES;
				CLANG_WARN_EMPTY_BODY = YES;
				CLANG_WARN_ENUM_CONVERSION = YES;
				CLANG_WARN_INFINITE_RECURSION = YES;
				CLANG_WARN_INT_CONVERSION = YES;
				CLANG_WARN_NON_LITERAL_NULL_CONVERSION = YES;
				CLANG_WARN_OBJC_IMPLICIT_RETAIN_SELF = YES;
				CLANG_WARN_OBJC_LITERAL_CONVERSION = YES;
				CLANG_WARN_OBJC_ROOT_CLASS = YES_ERROR;
				CLANG_WARN_RANGE_LOOP_ANALYSIS = YES;
				CLANG_WARN_STRICT_PROTOTYPES = YES;
				CLANG_WARN_SUSPICIOUS_MOVE = YES;
				CLANG_WARN_UNGUARDED_AVAILABILITY = YES_AGGRESSIVE;
				CLANG_WARN_UNREACHABLE_CODE = YES;
				CLANG_WARN__DUPLICATE_METHOD_MATCH = YES;
				COPY_PHASE_STRIP = NO;
				DEBUG_INFORMATION_FORMAT = "dwarf-with-dsym";
				ENABLE_NS_ASSERTIONS = NO;
				ENABLE_STRICT_OBJC_MSGSEND = YES;
				GCC_C_LANGUAGE_STANDARD = gnu11;
				GCC_NO_COMMON_BLOCKS = YES;
				GCC_WARN_64_TO_32_BIT_CONVERSION = YES;
				GCC_WARN_ABOUT_RETURN_TYPE = YES_ERROR;
				GCC_WARN_UNDECLARED_SELECTOR = YES;
				GCC_WARN_UNINITIALIZED_AUTOS = YES_AGGRESSIVE;
				GCC_WARN_UNUSED_FUNCTION = YES;
				GCC_WARN_UNUSED_VARIABLE = YES;
				IPHONEOS_DEPLOYMENT_TARGET = 13.4;
				MTL_ENABLE_DEBUG_INFO = NO;
				MTL_FAST_MATH = YES;
				SDKROOT = iphoneos;
				SWIFT_COMPILATION_MODE = wholemodule;
				SWIFT_OPTIMIZATION_LEVEL = "-O";
				VALIDATE_PRODUCT = YES;
			};
			name = Release;
		};
		9AFAAC5A2474292F00119822 /* Debug */ = {
			isa = XCBuildConfiguration;
			buildSettings = {
				ASSETCATALOG_COMPILER_APPICON_NAME = AppIcon;
				CODE_SIGN_STYLE = Automatic;
				FRAMEWORK_SEARCH_PATHS = "$(SRCROOT)/../sdk/build/xcode-frameworks";
				INFOPLIST_FILE = SampleIOS/Info.plist;
				LD_RUNPATH_SEARCH_PATHS = (
					"$(inherited)",
					"@executable_path/Frameworks",
				);
				PRODUCT_BUNDLE_IDENTIFIER = io.mercuryo.SampleIOS;
				PRODUCT_NAME = "$(TARGET_NAME)";
				SWIFT_VERSION = 5.0;
				TARGETED_DEVICE_FAMILY = "1,2";
			};
			name = Debug;
		};
		9AFAAC5B2474292F00119822 /* Release */ = {
			isa = XCBuildConfiguration;
			buildSettings = {
				ASSETCATALOG_COMPILER_APPICON_NAME = AppIcon;
				CODE_SIGN_STYLE = Automatic;
				FRAMEWORK_SEARCH_PATHS = "$(SRCROOT)/../sdk/build/xcode-frameworks";
				INFOPLIST_FILE = SampleIOS/Info.plist;
				LD_RUNPATH_SEARCH_PATHS = (
					"$(inherited)",
					"@executable_path/Frameworks",
				);
				PRODUCT_BUNDLE_IDENTIFIER = io.mercuryo.SampleIOS;
				PRODUCT_NAME = "$(TARGET_NAME)";
				SWIFT_VERSION = 5.0;
				TARGETED_DEVICE_FAMILY = "1,2";
			};
			name = Release;
		};
/* End XCBuildConfiguration section */

/* Begin XCConfigurationList section */
		9AFAAC402474292E00119822 /* Build configuration list for PBXProject "SampleIOS" */ = {
			isa = XCConfigurationList;
			buildConfigurations = (
				9AFAAC572474292F00119822 /* Debug */,
				9AFAAC582474292F00119822 /* Release */,
			);
			defaultConfigurationIsVisible = 0;
			defaultConfigurationName = Release;
		};
		9AFAAC592474292F00119822 /* Build configuration list for PBXNativeTarget "SampleIOS" */ = {
			isa = XCConfigurationList;
			buildConfigurations = (
				9AFAAC5A2474292F00119822 /* Debug */,
				9AFAAC5B2474292F00119822 /* Release */,
			);
			defaultConfigurationIsVisible = 0;
			defaultConfigurationName = Release;
		};
/* End XCConfigurationList section */
	};
	rootObject = 9AFAAC3D2474292E00119822 /* Project object */;
}
